
Microsoft Visual Studio Solution File, Format Version 12.00
# Visual Studio Version 18
VisualStudioVersion = 18.7.11911.148 stable
MinimumVisualStudioVersion = 10.0.40219.1
Project("{FAE04EC0-301F-11D3-BF4B-00C04F79EFBC}") = "RatesChecker", "RatesChecker\RatesChecker.csproj", "{9C7D1191-BFBE-42BE-9A1D-CF543C7C79DF}"
EndProject
Global
	GlobalSection(SolutionConfigurationPlatforms) = preSolution
		Debug|Any CPU = Debug|Any CPU
		Release|Any CPU = Release|Any CPU
	EndGlobalSection
	GlobalSection(ProjectConfigurationPlatforms) = postSolution
		{9C7D1191-BFBE-42BE-9A1D-CF543C7C79DF}.Debug|Any CPU.ActiveCfg = Debug|Any CPU
		{9C7D1191-BFBE-42BE-9A1D-CF543C7C79DF}.Debug|Any CPU.Build.0 = Debug|Any CPU
		{9C7D1191-BFBE-42BE-9A1D-CF543C7C79DF}.Release|Any CPU.ActiveCfg = Release|Any CPU
		{9C7D1191-BFBE-42BE-9A1D-CF543C7C79DF}.Release|Any CPU.Build.0 = Release|Any CPU
	EndGlobalSection
	GlobalSection(SolutionProperties) = preSolution
		HideSolutionNode = FALSE
	EndGlobalSection
	GlobalSection(ExtensibilityGlobals) = postSolution
		SolutionGuid = {4D972BCB-951E-4930-B08F-04D41151EC1B}
	EndGlobalSection
EndGlobal
